
Microsoft Visual Studio Solution File, Format Version 12.00
# Visual Studio 2013
Project("{FAE04EC0-301F-11D3-BF4B-00C04F79EFBC}") = "UnityVS.Scene example 2.CSharp.Plugins", "UnityVS.Scene example 2.CSharp.Plugins.csproj", "{F3A9A125-3D12-59DE-3B38-01F19BACC24B}"
EndProject
Project("{FAE04EC0-301F-11D3-BF4B-00C04F79EFBC}") = "UnityVS.Scene example 2.CSharp", "UnityVS.Scene example 2.CSharp.csproj", "{48EAA3BB-3993-DD36-26C4-54CD1301CD3C}"
EndProject
Project("{FAE04EC0-301F-11D3-BF4B-00C04F79EFBC}") = "UnityVS.Scene example 2.CSharp.Editor", "UnityVS.Scene example 2.CSharp.Editor.csproj", "{753CA348-C83E-099F-7245-BE614B841954}"
EndProject
Global
	GlobalSection(SolutionConfigurationPlatforms) = preSolution
		Debug|Any CPU = Debug|Any CPU
		Release|Any CPU = Release|Any CPU
	EndGlobalSection
	GlobalSection(ProjectConfigurationPlatforms) = postSolution
		{F3A9A125-3D12-59DE-3B38-01F19BACC24B}.Debug|Any CPU.ActiveCfg = Debug|Any CPU
		{F3A9A125-3D12-59DE-3B38-01F19BACC24B}.Debug|Any CPU.Build.0 = Debug|Any CPU
		{F3A9A125-3D12-59DE-3B38-01F19BACC24B}.Release|Any CPU.ActiveCfg = Release|Any CPU
		{F3A9A125-3D12-59DE-3B38-01F19BACC24B}.Release|Any CPU.Build.0 = Release|Any CPU
		{48EAA3BB-3993-DD36-26C4-54CD1301CD3C}.Debug|Any CPU.ActiveCfg = Debug|Any CPU
		{48EAA3BB-3993-DD36-26C4-54CD1301CD3C}.Debug|Any CPU.Build.0 = Debug|Any CPU
		{48EAA3BB-3993-DD36-26C4-54CD1301CD3C}.Release|Any CPU.ActiveCfg = Release|Any CPU
		{48EAA3BB-3993-DD36-26C4-54CD1301CD3C}.Release|Any CPU.Build.0 = Release|Any CPU
		{753CA348-C83E-099F-7245-BE614B841954}.Debug|Any CPU.ActiveCfg = Debug|Any CPU
		{753CA348-C83E-099F-7245-BE614B841954}.Debug|Any CPU.Build.0 = Debug|Any CPU
		{753CA348-C83E-099F-7245-BE614B841954}.Release|Any CPU.ActiveCfg = Release|Any CPU
		{753CA348-C83E-099F-7245-BE614B841954}.Release|Any CPU.Build.0 = Release|Any CPU
	EndGlobalSection
	GlobalSection(SolutionProperties) = preSolution
		HideSolutionNode = FALSE
	EndGlobalSection
EndGlobal
