Microsoft Visual Studio Solution File, Format Version 11.00
# Visual Studio 2008

Project("{F497A42D-6266-9F4B-F46C-73655C752829}") = "Unity Multiplayer ServerSide Tutorial - Justin", "Assembly-CSharp.csproj", "{C1D6D325-0C97-148F-6F41-125C761B7737}"
EndProject
Project("{F497A42D-6266-9F4B-F46C-73655C752829}") = "Unity Multiplayer ServerSide Tutorial - Justin", "Assembly-CSharp-Editor.csproj", "{B972EDF4-C15C-4A3A-A6B7-794509AAC200}"
EndProject
Global
	GlobalSection(SolutionConfigurationPlatforms) = preSolution
		Debug|Any CPU = Debug|Any CPU
		Release|Any CPU = Release|Any CPU
	EndGlobalSection
	GlobalSection(ProjectConfigurationPlatforms) = postSolution
		{C1D6D325-0C97-148F-6F41-125C761B7737}.Debug|Any CPU.ActiveCfg = Debug|Any CPU
		{C1D6D325-0C97-148F-6F41-125C761B7737}.Debug|Any CPU.Build.0 = Debug|Any CPU
		{C1D6D325-0C97-148F-6F41-125C761B7737}.Release|Any CPU.ActiveCfg = Release|Any CPU
		{C1D6D325-0C97-148F-6F41-125C761B7737}.Release|Any CPU.Build.0 = Release|Any CPU
		{B972EDF4-C15C-4A3A-A6B7-794509AAC200}.Debug|Any CPU.ActiveCfg = Debug|Any CPU
		{B972EDF4-C15C-4A3A-A6B7-794509AAC200}.Debug|Any CPU.Build.0 = Debug|Any CPU
		{B972EDF4-C15C-4A3A-A6B7-794509AAC200}.Release|Any CPU.ActiveCfg = Release|Any CPU
		{B972EDF4-C15C-4A3A-A6B7-794509AAC200}.Release|Any CPU.Build.0 = Release|Any CPU
	EndGlobalSection
	GlobalSection(SolutionProperties) = preSolution
		HideSolutionNode = FALSE
	EndGlobalSection
<<<<<<< HEAD
								GlobalSection(MonoDevelopProperties) = preSolution
=======
							GlobalSection(MonoDevelopProperties) = preSolution
>>>>>>> origin/master
		StartupItem = Assembly-CSharp.csproj
		Policies = $0
		$0.TextStylePolicy = $1
		$1.inheritsSet = null
		$1.scope = text/x-csharp
		$0.CSharpFormattingPolicy = $2
		$2.inheritsSet = Mono
		$2.inheritsScope = text/x-csharp
		$2.scope = text/x-csharp
		$0.TextStylePolicy = $3
		$3.FileWidth = 120
		$3.TabWidth = 4
		$3.IndentWidth = 4
		$3.EolMarker = Unix
		$3.inheritsSet = Mono
		$3.inheritsScope = text/plain
		$3.scope = text/plain
	EndGlobalSection

EndGlobal
